// !$*UTF8*$!
{
	archiveVersion = 1;
	classes = {
	};
	objectVersion = 50;
	objects = {

/* Begin PBXBuildFile section */
		B22D10F62529232900B77CEA /* AppDelegate.swift in Sources */ = {isa = PBXBuildFile; fileRef = B22D10F52529232900B77CEA /* AppDelegate.swift */; };
		B22D10F82529232900B77CEA /* SceneDelegate.swift in Sources */ = {isa = PBXBuildFile; fileRef = B22D10F72529232900B77CEA /* SceneDelegate.swift */; };
		B22D10FF2529232C00B77CEA /* Assets.xcassets in Resources */ = {isa = PBXBuildFile; fileRef = B22D10FE2529232C00B77CEA /* Assets.xcassets */; };
		B22D11022529232C00B77CEA /* LaunchScreen.storyboard in Resources */ = {isa = PBXBuildFile; fileRef = B22D11002529232C00B77CEA /* LaunchScreen.storyboard */; };
		B22D111C2529261800B77CEA /* HomeController.swift in Sources */ = {isa = PBXBuildFile; fileRef = B22D111B2529261800B77CEA /* HomeController.swift */; };
		B22D11222529265400B77CEA /* Video.swift in Sources */ = {isa = PBXBuildFile; fileRef = B22D11212529265400B77CEA /* Video.swift */; };
		B22D1125252926DE00B77CEA /* VideoCell.swift in Sources */ = {isa = PBXBuildFile; fileRef = B22D1124252926DE00B77CEA /* VideoCell.swift */; };
		B22D1133252930E100B77CEA /* VideoCell.xib in Resources */ = {isa = PBXBuildFile; fileRef = B22D1132252930E100B77CEA /* VideoCell.xib */; };
		B22D1136252933E300B77CEA /* Date+timeAgo.swift in Sources */ = {isa = PBXBuildFile; fileRef = B22D1135252933E300B77CEA /* Date+timeAgo.swift */; };
		B22D1139252933F300B77CEA /* Int+withCommas.swift in Sources */ = {isa = PBXBuildFile; fileRef = B22D1138252933F300B77CEA /* Int+withCommas.swift */; };
		B22D113C2529340200B77CEA /* String+toDate.swift in Sources */ = {isa = PBXBuildFile; fileRef = B22D113B2529340200B77CEA /* String+toDate.swift */; };
		B22D113F2529341500B77CEA /* UIColor+rgb.swift in Sources */ = {isa = PBXBuildFile; fileRef = B22D113E2529341500B77CEA /* UIColor+rgb.swift */; };
		B22D11422529342A00B77CEA /* UIImage+imageRefit.swift in Sources */ = {isa = PBXBuildFile; fileRef = B22D11412529342A00B77CEA /* UIImage+imageRefit.swift */; };
		B22D11452529344100B77CEA /* UIImageView+roundCorners.swift in Sources */ = {isa = PBXBuildFile; fileRef = B22D11442529344100B77CEA /* UIImageView+roundCorners.swift */; };
		B22D11482529345800B77CEA /* UIView+addConstraintsWithFormat.swift in Sources */ = {isa = PBXBuildFile; fileRef = B22D11472529345800B77CEA /* UIView+addConstraintsWithFormat.swift */; };
		B22D114C2529379A00B77CEA /* Home.storyboard in Resources */ = {isa = PBXBuildFile; fileRef = B22D114B2529379A00B77CEA /* Home.storyboard */; };
		B22D115125293CD300B77CEA /* MenuBar.swift in Sources */ = {isa = PBXBuildFile; fileRef = B22D115025293CD300B77CEA /* MenuBar.swift */; };
		B22D115425295F8500B77CEA /* MenuBarItemCollectionViewCell.swift in Sources */ = {isa = PBXBuildFile; fileRef = B22D115325295F8500B77CEA /* MenuBarItemCollectionViewCell.swift */; };
		B22D1158252969AD00B77CEA /* BaseCell.swift in Sources */ = {isa = PBXBuildFile; fileRef = B22D1157252969AD00B77CEA /* BaseCell.swift */; };
		B22D115B2529771F00B77CEA /* UIBarButtonItem+menuButton.swift in Sources */ = {isa = PBXBuildFile; fileRef = B22D115A2529771F00B77CEA /* UIBarButtonItem+menuButton.swift */; };
		B22D115F2529798B00B77CEA /* VideoService.swift in Sources */ = {isa = PBXBuildFile; fileRef = B22D115E2529798B00B77CEA /* VideoService.swift */; };
		B22D116425297BA300B77CEA /* HomeViewModel.swift in Sources */ = {isa = PBXBuildFile; fileRef = B22D116325297BA300B77CEA /* HomeViewModel.swift */; };
		B22D116725297D1A00B77CEA /* Bundle+decode.swift in Sources */ = {isa = PBXBuildFile; fileRef = B22D116625297D1A00B77CEA /* Bundle+decode.swift */; };
		B22D116925297E3800B77CEA /* videos.json in Resources */ = {isa = PBXBuildFile; fileRef = B22D116125297A1300B77CEA /* videos.json */; };
/* End PBXBuildFile section */

/* Begin PBXFileReference section */
		B22D10F22529232900B77CEA /* youtube.app */ = {isa = PBXFileReference; explicitFileType = wrapper.application; includeInIndex = 0; path = youtube.app; sourceTree = BUILT_PRODUCTS_DIR; };
		B22D10F52529232900B77CEA /* AppDelegate.swift */ = {isa = PBXFileReference; lastKnownFileType = sourcecode.swift; path = AppDelegate.swift; sourceTree = "<group>"; };
		B22D10F72529232900B77CEA /* SceneDelegate.swift */ = {isa = PBXFileReference; lastKnownFileType = sourcecode.swift; path = SceneDelegate.swift; sourceTree = "<group>"; };
		B22D10FE2529232C00B77CEA /* Assets.xcassets */ = {isa = PBXFileReference; lastKnownFileType = folder.assetcatalog; path = Assets.xcassets; sourceTree = "<group>"; };
		B22D11012529232C00B77CEA /* Base */ = {isa = PBXFileReference; lastKnownFileType = file.storyboard; name = Base; path = Base.lproj/LaunchScreen.storyboard; sourceTree = "<group>"; };
		B22D11032529232C00B77CEA /* Info.plist */ = {isa = PBXFileReference; lastKnownFileType = text.plist.xml; path = Info.plist; sourceTree = "<group>"; };
		B22D111B2529261800B77CEA /* HomeController.swift */ = {isa = PBXFileReference; lastKnownFileType = sourcecode.swift; path = HomeController.swift; sourceTree = "<group>"; };
		B22D11212529265400B77CEA /* Video.swift */ = {isa = PBXFileReference; lastKnownFileType = sourcecode.swift; path = Video.swift; sourceTree = "<group>"; };
		B22D1124252926DE00B77CEA /* VideoCell.swift */ = {isa = PBXFileReference; lastKnownFileType = sourcecode.swift; path = VideoCell.swift; sourceTree = "<group>"; };
		B22D1132252930E100B77CEA /* VideoCell.xib */ = {isa = PBXFileReference; lastKnownFileType = file.xib; path = VideoCell.xib; sourceTree = "<group>"; };
		B22D1135252933E300B77CEA /* Date+timeAgo.swift */ = {isa = PBXFileReference; lastKnownFileType = sourcecode.swift; path = "Date+timeAgo.swift"; sourceTree = "<group>"; };
		B22D1138252933F300B77CEA /* Int+withCommas.swift */ = {isa = PBXFileReference; lastKnownFileType = sourcecode.swift; path = "Int+withCommas.swift"; sourceTree = "<group>"; };
		B22D113B2529340200B77CEA /* String+toDate.swift */ = {isa = PBXFileReference; lastKnownFileType = sourcecode.swift; path = "String+toDate.swift"; sourceTree = "<group>"; };
		B22D113E2529341500B77CEA /* UIColor+rgb.swift */ = {isa = PBXFileReference; lastKnownFileType = sourcecode.swift; path = "UIColor+rgb.swift"; sourceTree = "<group>"; };
		B22D11412529342A00B77CEA /* UIImage+imageRefit.swift */ = {isa = PBXFileReference; lastKnownFileType = sourcecode.swift; path = "UIImage+imageRefit.swift"; sourceTree = "<group>"; };
		B22D11442529344100B77CEA /* UIImageView+roundCorners.swift */ = {isa = PBXFileReference; lastKnownFileType = sourcecode.swift; path = "UIImageView+roundCorners.swift"; sourceTree = "<group>"; };
		B22D11472529345800B77CEA /* UIView+addConstraintsWithFormat.swift */ = {isa = PBXFileReference; lastKnownFileType = sourcecode.swift; path = "UIView+addConstraintsWithFormat.swift"; sourceTree = "<group>"; };
		B22D114B2529379A00B77CEA /* Home.storyboard */ = {isa = PBXFileReference; lastKnownFileType = file.storyboard; path = Home.storyboard; sourceTree = "<group>"; };
		B22D115025293CD300B77CEA /* MenuBar.swift */ = {isa = PBXFileReference; lastKnownFileType = sourcecode.swift; path = MenuBar.swift; sourceTree = "<group>"; };
		B22D115325295F8500B77CEA /* MenuBarItemCollectionViewCell.swift */ = {isa = PBXFileReference; lastKnownFileType = sourcecode.swift; path = MenuBarItemCollectionViewCell.swift; sourceTree = "<group>"; };
		B22D1157252969AD00B77CEA /* BaseCell.swift */ = {isa = PBXFileReference; lastKnownFileType = sourcecode.swift; path = BaseCell.swift; sourceTree = "<group>"; };
		B22D115A2529771F00B77CEA /* UIBarButtonItem+menuButton.swift */ = {isa = PBXFileReference; lastKnownFileType = sourcecode.swift; path = "UIBarButtonItem+menuButton.swift"; sourceTree = "<group>"; };
		B22D115E2529798B00B77CEA /* VideoService.swift */ = {isa = PBXFileReference; lastKnownFileType = sourcecode.swift; path = VideoService.swift; sourceTree = "<group>"; };
		B22D116125297A1300B77CEA /* videos.json */ = {isa = PBXFileReference; lastKnownFileType = text.json; path = videos.json; sourceTree = "<group>"; };
		B22D116325297BA300B77CEA /* HomeViewModel.swift */ = {isa = PBXFileReference; lastKnownFileType = sourcecode.swift; path = HomeViewModel.swift; sourceTree = "<group>"; };
		B22D116625297D1A00B77CEA /* Bundle+decode.swift */ = {isa = PBXFileReference; lastKnownFileType = sourcecode.swift; path = "Bundle+decode.swift"; sourceTree = "<group>"; };
/* End PBXFileReference section */

/* Begin PBXFrameworksBuildPhase section */
		B22D10EF2529232900B77CEA /* Frameworks */ = {
			isa = PBXFrameworksBuildPhase;
			buildActionMask = 2147483647;
			files = (
			);
			runOnlyForDeploymentPostprocessing = 0;
		};
/* End PBXFrameworksBuildPhase section */

/* Begin PBXGroup section */
		B22D10E92529232900B77CEA = {
			isa = PBXGroup;
			children = (
				B22D10F42529232900B77CEA /* youtube */,
				B22D10F32529232900B77CEA /* Products */,
			);
			sourceTree = "<group>";
		};
		B22D10F32529232900B77CEA /* Products */ = {
			isa = PBXGroup;
			children = (
				B22D10F22529232900B77CEA /* youtube.app */,
			);
			name = Products;
			sourceTree = "<group>";
		};
		B22D10F42529232900B77CEA /* youtube */ = {
			isa = PBXGroup;
			children = (
				B22D116225297B9600B77CEA /* ViewModels */,
				B22D115D2529797700B77CEA /* Services */,
				B22D11202529264600B77CEA /* Models */,
				B22D111F2529263B00B77CEA /* Views */,
				B22D111A252924B600B77CEA /* Controllers */,
				B22D110A2529242400B77CEA /* Extensions */,
				B22D10F52529232900B77CEA /* AppDelegate.swift */,
				B22D10F72529232900B77CEA /* SceneDelegate.swift */,
				B22D10FE2529232C00B77CEA /* Assets.xcassets */,
				B22D116125297A1300B77CEA /* videos.json */,
				B22D11002529232C00B77CEA /* LaunchScreen.storyboard */,
				B22D11032529232C00B77CEA /* Info.plist */,
			);
			path = youtube;
			sourceTree = "<group>";
		};
		B22D110A2529242400B77CEA /* Extensions */ = {
			isa = PBXGroup;
			children = (
				B22D1135252933E300B77CEA /* Date+timeAgo.swift */,
				B22D1138252933F300B77CEA /* Int+withCommas.swift */,
				B22D113B2529340200B77CEA /* String+toDate.swift */,
				B22D113E2529341500B77CEA /* UIColor+rgb.swift */,
				B22D11412529342A00B77CEA /* UIImage+imageRefit.swift */,
				B22D11442529344100B77CEA /* UIImageView+roundCorners.swift */,
				B22D11472529345800B77CEA /* UIView+addConstraintsWithFormat.swift */,
				B22D115A2529771F00B77CEA /* UIBarButtonItem+menuButton.swift */,
				B22D116625297D1A00B77CEA /* Bundle+decode.swift */,
			);
			path = Extensions;
			sourceTree = "<group>";
		};
		B22D111A252924B600B77CEA /* Controllers */ = {
			isa = PBXGroup;
			children = (
				B22D111B2529261800B77CEA /* HomeController.swift */,
			);
			path = Controllers;
			sourceTree = "<group>";
		};
		B22D111F2529263B00B77CEA /* Views */ = {
			isa = PBXGroup;
			children = (
				B22D1124252926DE00B77CEA /* VideoCell.swift */,
				B22D1132252930E100B77CEA /* VideoCell.xib */,
				B22D114B2529379A00B77CEA /* Home.storyboard */,
				B22D115025293CD300B77CEA /* MenuBar.swift */,
				B22D115325295F8500B77CEA /* MenuBarItemCollectionViewCell.swift */,
				B22D1157252969AD00B77CEA /* BaseCell.swift */,
			);
			path = Views;
			sourceTree = "<group>";
		};
		B22D11202529264600B77CEA /* Models */ = {
			isa = PBXGroup;
			children = (
				B22D11212529265400B77CEA /* Video.swift */,
			);
			path = Models;
			sourceTree = "<group>";
		};
		B22D115D2529797700B77CEA /* Services */ = {
			isa = PBXGroup;
			children = (
				B22D115E2529798B00B77CEA /* VideoService.swift */,
			);
			path = Services;
			sourceTree = "<group>";
		};
		B22D116225297B9600B77CEA /* ViewModels */ = {
			isa = PBXGroup;
			children = (
				B22D116325297BA300B77CEA /* HomeViewModel.swift */,
			);
			path = ViewModels;
			sourceTree = "<group>";
		};
/* End PBXGroup section */

/* Begin PBXNativeTarget section */
		B22D10F12529232900B77CEA /* youtube */ = {
			isa = PBXNativeTarget;
			buildConfigurationList = B22D11062529232C00B77CEA /* Build configuration list for PBXNativeTarget "youtube" */;
			buildPhases = (
				B22D10EE2529232900B77CEA /* Sources */,
				B22D10EF2529232900B77CEA /* Frameworks */,
				B22D10F02529232900B77CEA /* Resources */,
			);
			buildRules = (
			);
			dependencies = (
			);
			name = youtube;
			productName = youtube;
			productReference = B22D10F22529232900B77CEA /* youtube.app */;
			productType = "com.apple.product-type.application";
		};
/* End PBXNativeTarget section */

/* Begin PBXProject section */
		B22D10EA2529232900B77CEA /* Project object */ = {
			isa = PBXProject;
			attributes = {
				LastSwiftUpdateCheck = 1200;
				LastUpgradeCheck = 1200;
				TargetAttributes = {
					B22D10F12529232900B77CEA = {
						CreatedOnToolsVersion = 12.0.1;
					};
				};
			};
			buildConfigurationList = B22D10ED2529232900B77CEA /* Build configuration list for PBXProject "youtube" */;
			compatibilityVersion = "Xcode 9.3";
			developmentRegion = en;
			hasScannedForEncodings = 0;
			knownRegions = (
				en,
				Base,
			);
			mainGroup = B22D10E92529232900B77CEA;
			productRefGroup = B22D10F32529232900B77CEA /* Products */;
			projectDirPath = "";
			projectRoot = "";
			targets = (
				B22D10F12529232900B77CEA /* youtube */,
			);
		};
/* End PBXProject section */

/* Begin PBXResourcesBuildPhase section */
		B22D10F02529232900B77CEA /* Resources */ = {
			isa = PBXResourcesBuildPhase;
			buildActionMask = 2147483647;
			files = (
				B22D1133252930E100B77CEA /* VideoCell.xib in Resources */,
				B22D114C2529379A00B77CEA /* Home.storyboard in Resources */,
				B22D116925297E3800B77CEA /* videos.json in Resources */,
				B22D11022529232C00B77CEA /* LaunchScreen.storyboard in Resources */,
				B22D10FF2529232C00B77CEA /* Assets.xcassets in Resources */,
			);
			runOnlyForDeploymentPostprocessing = 0;
		};
/* End PBXResourcesBuildPhase section */

/* Begin PBXSourcesBuildPhase section */
		B22D10EE2529232900B77CEA /* Sources */ = {
			isa = PBXSourcesBuildPhase;
			buildActionMask = 2147483647;
			files = (
				B22D11482529345800B77CEA /* UIView+addConstraintsWithFormat.swift in Sources */,
				B22D116425297BA300B77CEA /* HomeViewModel.swift in Sources */,
				B22D11452529344100B77CEA /* UIImageView+roundCorners.swift in Sources */,
				B22D11222529265400B77CEA /* Video.swift in Sources */,
				B22D116725297D1A00B77CEA /* Bundle+decode.swift in Sources */,
				B22D113C2529340200B77CEA /* String+toDate.swift in Sources */,
				B22D1139252933F300B77CEA /* Int+withCommas.swift in Sources */,
				B22D111C2529261800B77CEA /* HomeController.swift in Sources */,
				B22D115125293CD300B77CEA /* MenuBar.swift in Sources */,
				B22D1136252933E300B77CEA /* Date+timeAgo.swift in Sources */,
				B22D115425295F8500B77CEA /* MenuBarItemCollectionViewCell.swift in Sources */,
				B22D11422529342A00B77CEA /* UIImage+imageRefit.swift in Sources */,
				B22D115B2529771F00B77CEA /* UIBarButtonItem+menuButton.swift in Sources */,
				B22D115F2529798B00B77CEA /* VideoService.swift in Sources */,
				B22D10F62529232900B77CEA /* AppDelegate.swift in Sources */,
				B22D113F2529341500B77CEA /* UIColor+rgb.swift in Sources */,
				B22D1125252926DE00B77CEA /* VideoCell.swift in Sources */,
				B22D1158252969AD00B77CEA /* BaseCell.swift in Sources */,
				B22D10F82529232900B77CEA /* SceneDelegate.swift in Sources */,
			);
			runOnlyForDeploymentPostprocessing = 0;
		};
/* End PBXSourcesBuildPhase section */

/* Begin PBXVariantGroup section */
		B22D11002529232C00B77CEA /* LaunchScreen.storyboard */ = {
			isa = PBXVariantGroup;
			children = (
				B22D11012529232C00B77CEA /* Base */,
			);
			name = LaunchScreen.storyboard;
			sourceTree = "<group>";
		};
/* End PBXVariantGroup section */

/* Begin XCBuildConfiguration section */
		B22D11042529232C00B77CEA /* Debug */ = {
			isa = XCBuildConfiguration;
			buildSettings = {
				ALWAYS_SEARCH_USER_PATHS = NO;
				CLANG_ANALYZER_NONNULL = YES;
				CLANG_ANALYZER_NUMBER_OBJECT_CONVERSION = YES_AGGRESSIVE;
				CLANG_CXX_LANGUAGE_STANDARD = "gnu++14";
				CLANG_CXX_LIBRARY = "libc++";
				CLANG_ENABLE_MODULES = YES;
				CLANG_ENABLE_OBJC_ARC = YES;
				CLANG_ENABLE_OBJC_WEAK = YES;
				CLANG_WARN_BLOCK_CAPTURE_AUTORELEASING = YES;
				CLANG_WARN_BOOL_CONVERSION = YES;
				CLANG_WARN_COMMA = YES;
				CLANG_WARN_CONSTANT_CONVERSION = YES;
				CLANG_WARN_DEPRECATED_OBJC_IMPLEMENTATIONS = YES;
				CLANG_WARN_DIRECT_OBJC_ISA_USAGE = YES_ERROR;
				CLANG_WARN_DOCUMENTATION_COMMENTS = YES;
				CLANG_WARN_EMPTY_BODY = YES;
				CLANG_WARN_ENUM_CONVERSION = YES;
				CLANG_WARN_INFINITE_RECURSION = YES;
				CLANG_WARN_INT_CONVERSION = YES;
				CLANG_WARN_NON_LITERAL_NULL_CONVERSION = YES;
				CLANG_WARN_OBJC_IMPLICIT_RETAIN_SELF = YES;
				CLANG_WARN_OBJC_LITERAL_CONVERSION = YES;
				CLANG_WARN_OBJC_ROOT_CLASS = YES_ERROR;
				CLANG_WARN_QUOTED_INCLUDE_IN_FRAMEWORK_HEADER = YES;
				CLANG_WARN_RANGE_LOOP_ANALYSIS = YES;
				CLANG_WARN_STRICT_PROTOTYPES = YES;
				CLANG_WARN_SUSPICIOUS_MOVE = YES;
				CLANG_WARN_UNGUARDED_AVAILABILITY = YES_AGGRESSIVE;
				CLANG_WARN_UNREACHABLE_CODE = YES;
				CLANG_WARN__DUPLICATE_METHOD_MATCH = YES;
				COPY_PHASE_STRIP = NO;
				DEBUG_INFORMATION_FORMAT = dwarf;
				ENABLE_STRICT_OBJC_MSGSEND = YES;
				ENABLE_TESTABILITY = YES;
				GCC_C_LANGUAGE_STANDARD = gnu11;
				GCC_DYNAMIC_NO_PIC = NO;
				GCC_NO_COMMON_BLOCKS = YES;
				GCC_OPTIMIZATION_LEVEL = 0;
				GCC_PREPROCESSOR_DEFINITIONS = (
					"DEBUG=1",
					"$(inherited)",
				);
				GCC_WARN_64_TO_32_BIT_CONVERSION = YES;
				GCC_WARN_ABOUT_RETURN_TYPE = YES_ERROR;
				GCC_WARN_UNDECLARED_SELECTOR = YES;
				GCC_WARN_UNINITIALIZED_AUTOS = YES_AGGRESSIVE;
				GCC_WARN_UNUSED_FUNCTION = YES;
				GCC_WARN_UNUSED_VARIABLE = YES;
				IPHONEOS_DEPLOYMENT_TARGET = 13.0;
				MTL_ENABLE_DEBUG_INFO = INCLUDE_SOURCE;
				MTL_FAST_MATH = YES;
				ONLY_ACTIVE_ARCH = YES;
				SDKROOT = iphoneos;
				SWIFT_ACTIVE_COMPILATION_CONDITIONS = DEBUG;
				SWIFT_OPTIMIZATION_LEVEL = "-Onone";
			};
			name = Debug;
		};
		B22D11052529232C00B77CEA /* Release */ = {
			isa = XCBuildConfiguration;
			buildSettings = {
				ALWAYS_SEARCH_USER_PATHS = NO;
				CLANG_ANALYZER_NONNULL = YES;
				CLANG_ANALYZER_NUMBER_OBJECT_CONVERSION = YES_AGGRESSIVE;
				CLANG_CXX_LANGUAGE_STANDARD = "gnu++14";
				CLANG_CXX_LIBRARY = "libc++";
				CLANG_ENABLE_MODULES = YES;
				CLANG_ENABLE_OBJC_ARC = YES;
				CLANG_ENABLE_OBJC_WEAK = YES;
				CLANG_WARN_BLOCK_CAPTURE_AUTORELEASING = YES;
				CLANG_WARN_BOOL_CONVERSION = YES;
				CLANG_WARN_COMMA = YES;
				CLANG_WARN_CONSTANT_CONVERSION = YES;
				CLANG_WARN_DEPRECATED_OBJC_IMPLEMENTATIONS = YES;
				CLANG_WARN_DIRECT_OBJC_ISA_USAGE = YES_ERROR;
				CLANG_WARN_DOCUMENTATION_COMMENTS = YES;
				CLANG_WARN_EMPTY_BODY = YES;
				CLANG_WARN_ENUM_CONVERSION = YES;
				CLANG_WARN_INFINITE_RECURSION = YES;
				CLANG_WARN_INT_CONVERSION = YES;
				CLANG_WARN_NON_LITERAL_NULL_CONVERSION = YES;
				CLANG_WARN_OBJC_IMPLICIT_RETAIN_SELF = YES;
				CLANG_WARN_OBJC_LITERAL_CONVERSION = YES;
				CLANG_WARN_OBJC_ROOT_CLASS = YES_ERROR;
				CLANG_WARN_QUOTED_INCLUDE_IN_FRAMEWORK_HEADER = YES;
				CLANG_WARN_RANGE_LOOP_ANALYSIS = YES;
				CLANG_WARN_STRICT_PROTOTYPES = YES;
				CLANG_WARN_SUSPICIOUS_MOVE = YES;
				CLANG_WARN_UNGUARDED_AVAILABILITY = YES_AGGRESSIVE;
				CLANG_WARN_UNREACHABLE_CODE = YES;
				CLANG_WARN__DUPLICATE_METHOD_MATCH = YES;
				COPY_PHASE_STRIP = NO;
				DEBUG_INFORMATION_FORMAT = "dwarf-with-dsym";
				ENABLE_NS_ASSERTIONS = NO;
				ENABLE_STRICT_OBJC_MSGSEND = YES;
				GCC_C_LANGUAGE_STANDARD = gnu11;
				GCC_NO_COMMON_BLOCKS = YES;
				GCC_WARN_64_TO_32_BIT_CONVERSION = YES;
				GCC_WARN_ABOUT_RETURN_TYPE = YES_ERROR;
				GCC_WARN_UNDECLARED_SELECTOR = YES;
				GCC_WARN_UNINITIALIZED_AUTOS = YES_AGGRESSIVE;
				GCC_WARN_UNUSED_FUNCTION = YES;
				GCC_WARN_UNUSED_VARIABLE = YES;
				IPHONEOS_DEPLOYMENT_TARGET = 13.0;
				MTL_ENABLE_DEBUG_INFO = NO;
				MTL_FAST_MATH = YES;
				SDKROOT = iphoneos;
				SWIFT_COMPILATION_MODE = wholemodule;
				SWIFT_OPTIMIZATION_LEVEL = "-O";
				VALIDATE_PRODUCT = YES;
			};
			name = Release;
		};
		B22D11072529232C00B77CEA /* Debug */ = {
			isa = XCBuildConfiguration;
			buildSettings = {
				ASSETCATALOG_COMPILER_APPICON_NAME = AppIcon;
				ASSETCATALOG_COMPILER_GLOBAL_ACCENT_COLOR_NAME = AccentColor;
				CODE_SIGN_STYLE = Automatic;
				DEVELOPMENT_TEAM = 78Z5A9LD8V;
				INFOPLIST_FILE = youtube/Info.plist;
				IPHONEOS_DEPLOYMENT_TARGET = 13.0;
				LD_RUNPATH_SEARCH_PATHS = (
					"$(inherited)",
					"@executable_path/Frameworks",
				);
				PRODUCT_BUNDLE_IDENTIFIER = com.example.youtube;
				PRODUCT_NAME = "$(TARGET_NAME)";
				SWIFT_VERSION = 5.0;
				TARGETED_DEVICE_FAMILY = "1,2";
			};
			name = Debug;
		};
		B22D11082529232C00B77CEA /* Release */ = {
			isa = XCBuildConfiguration;
			buildSettings = {
				ASSETCATALOG_COMPILER_APPICON_NAME = AppIcon;
				ASSETCATALOG_COMPILER_GLOBAL_ACCENT_COLOR_NAME = AccentColor;
				CODE_SIGN_STYLE = Automatic;
				DEVELOPMENT_TEAM = 78Z5A9LD8V;
				INFOPLIST_FILE = youtube/Info.plist;
				IPHONEOS_DEPLOYMENT_TARGET = 13.0;
				LD_RUNPATH_SEARCH_PATHS = (
					"$(inherited)",
					"@executable_path/Frameworks",
				);
				PRODUCT_BUNDLE_IDENTIFIER = com.example.youtube;
				PRODUCT_NAME = "$(TARGET_NAME)";
				SWIFT_VERSION = 5.0;
				TARGETED_DEVICE_FAMILY = "1,2";
			};
			name = Release;
		};
/* End XCBuildConfiguration section */

/* Begin XCConfigurationList section */
		B22D10ED2529232900B77CEA /* Build configuration list for PBXProject "youtube" */ = {
			isa = XCConfigurationList;
			buildConfigurations = (
				B22D11042529232C00B77CEA /* Debug */,
				B22D11052529232C00B77CEA /* Release */,
			);
			defaultConfigurationIsVisible = 0;
			defaultConfigurationName = Release;
		};
		B22D11062529232C00B77CEA /* Build configuration list for PBXNativeTarget "youtube" */ = {
			isa = XCConfigurationList;
			buildConfigurations = (
				B22D11072529232C00B77CEA /* Debug */,
				B22D11082529232C00B77CEA /* Release */,
			);
			defaultConfigurationIsVisible = 0;
			defaultConfigurationName = Release;
		};
/* End XCConfigurationList section */
	};
	rootObject = B22D10EA2529232900B77CEA /* Project object */;
}
